
Microsoft Visual Studio Solution File, Format Version 12.00
# Visual Studio 15
VisualStudioVersion = 15.0.27428.2005
MinimumVisualStudioVersion = 10.0.40219.1
Project("{FAE04EC0-301F-11D3-BF4B-00C04F79EFBC}") = "Projeto01.Android", "Projeto01\Projeto01.Android\Projeto01.Android.csproj", "{E4EBE69F-9147-4847-90FA-537EF1C49BCC}"
EndProject
Project("{FAE04EC0-301F-11D3-BF4B-00C04F79EFBC}") = "Projeto01.iOS", "Projeto01\Projeto01.iOS\Projeto01.iOS.csproj", "{EFF6BE54-DF79-46AE-BF83-DC7A6C615B5A}"
EndProject
Project("{FAE04EC0-301F-11D3-BF4B-00C04F79EFBC}") = "Projeto01.UWP", "Projeto01\Projeto01.UWP\Projeto01.UWP.csproj", "{B755B44C-5BC8-4E73-BDBB-FD0843D85E21}"
EndProject
Project("{FAE04EC0-301F-11D3-BF4B-00C04F79EFBC}") = "Projeto01", "Projeto01\Projeto01\Projeto01.csproj", "{B4591A89-D1C1-43FD-939A-17803B339DCE}"
EndProject
Global
	GlobalSection(SolutionConfigurationPlatforms) = preSolution
		Ad-Hoc|Any CPU = Ad-Hoc|Any CPU
		Ad-Hoc|ARM = Ad-Hoc|ARM
		Ad-Hoc|iPhone = Ad-Hoc|iPhone
		Ad-Hoc|iPhoneSimulator = Ad-Hoc|iPhoneSimulator
		Ad-Hoc|x64 = Ad-Hoc|x64
		Ad-Hoc|x86 = Ad-Hoc|x86
		AppStore|Any CPU = AppStore|Any CPU
		AppStore|ARM = AppStore|ARM
		AppStore|iPhone = AppStore|iPhone
		AppStore|iPhoneSimulator = AppStore|iPhoneSimulator
		AppStore|x64 = AppStore|x64
		AppStore|x86 = AppStore|x86
		Debug|Any CPU = Debug|Any CPU
		Debug|ARM = Debug|ARM
		Debug|iPhone = Debug|iPhone
		Debug|iPhoneSimulator = Debug|iPhoneSimulator
		Debug|x64 = Debug|x64
		Debug|x86 = Debug|x86
		Release|Any CPU = Release|Any CPU
		Release|ARM = Release|ARM
		Release|iPhone = Release|iPhone
		Release|iPhoneSimulator = Release|iPhoneSimulator
		Release|x64 = Release|x64
		Release|x86 = Release|x86
	EndGlobalSection
	GlobalSection(ProjectConfigurationPlatforms) = postSolution
		{E4EBE69F-9147-4847-90FA-537EF1C49BCC}.Ad-Hoc|Any CPU.ActiveCfg = Release|Any CPU
		{E4EBE69F-9147-4847-90FA-537EF1C49BCC}.Ad-Hoc|Any CPU.Build.0 = Release|Any CPU
		{E4EBE69F-9147-4847-90FA-537EF1C49BCC}.Ad-Hoc|Any CPU.Deploy.0 = Release|Any CPU
		{E4EBE69F-9147-4847-90FA-537EF1C49BCC}.Ad-Hoc|ARM.ActiveCfg = Release|Any CPU
		{E4EBE69F-9147-4847-90FA-537EF1C49BCC}.Ad-Hoc|ARM.Build.0 = Release|Any CPU
		{E4EBE69F-9147-4847-90FA-537EF1C49BCC}.Ad-Hoc|ARM.Deploy.0 = Release|Any CPU
		{E4EBE69F-9147-4847-90FA-537EF1C49BCC}.Ad-Hoc|iPhone.ActiveCfg = Release|Any CPU
		{E4EBE69F-9147-4847-90FA-537EF1C49BCC}.Ad-Hoc|iPhone.Build.0 = Release|Any CPU
		{E4EBE69F-9147-4847-90FA-537EF1C49BCC}.Ad-Hoc|iPhone.Deploy.0 = Release|Any CPU
		{E4EBE69F-9147-4847-90FA-537EF1C49BCC}.Ad-Hoc|iPhoneSimulator.ActiveCfg = Release|Any CPU
		{E4EBE69F-9147-4847-90FA-537EF1C49BCC}.Ad-Hoc|iPhoneSimulator.Build.0 = Release|Any CPU
		{E4EBE69F-9147-4847-90FA-537EF1C49BCC}.Ad-Hoc|iPhoneSimulator.Deploy.0 = Release|Any CPU
		{E4EBE69F-9147-4847-90FA-537EF1C49BCC}.Ad-Hoc|x64.ActiveCfg = Release|Any CPU
		{E4EBE69F-9147-4847-90FA-537EF1C49BCC}.Ad-Hoc|x64.Build.0 = Release|Any CPU
		{E4EBE69F-9147-4847-90FA-537EF1C49BCC}.Ad-Hoc|x64.Deploy.0 = Release|Any CPU
		{E4EBE69F-9147-4847-90FA-537EF1C49BCC}.Ad-Hoc|x86.ActiveCfg = Release|Any CPU
		{E4EBE69F-9147-4847-90FA-537EF1C49BCC}.Ad-Hoc|x86.Build.0 = Release|Any CPU
		{E4EBE69F-9147-4847-90FA-537EF1C49BCC}.Ad-Hoc|x86.Deploy.0 = Release|Any CPU
		{E4EBE69F-9147-4847-90FA-537EF1C49BCC}.AppStore|Any CPU.ActiveCfg = Release|Any CPU
		{E4EBE69F-9147-4847-90FA-537EF1C49BCC}.AppStore|Any CPU.Build.0 = Release|Any CPU
		{E4EBE69F-9147-4847-90FA-537EF1C49BCC}.AppStore|Any CPU.Deploy.0 = Release|Any CPU
		{E4EBE69F-9147-4847-90FA-537EF1C49BCC}.AppStore|ARM.ActiveCfg = Release|Any CPU
		{E4EBE69F-9147-4847-90FA-537EF1C49BCC}.AppStore|ARM.Build.0 = Release|Any CPU
		{E4EBE69F-9147-4847-90FA-537EF1C49BCC}.AppStore|ARM.Deploy.0 = Release|Any CPU
		{E4EBE69F-9147-4847-90FA-537EF1C49BCC}.AppStore|iPhone.ActiveCfg = Release|Any CPU
		{E4EBE69F-9147-4847-90FA-537EF1C49BCC}.AppStore|iPhone.Build.0 = Release|Any CPU
		{E4EBE69F-9147-4847-90FA-537EF1C49BCC}.AppStore|iPhone.Deploy.0 = Release|Any CPU
		{E4EBE69F-9147-4847-90FA-537EF1C49BCC}.AppStore|iPhoneSimulator.ActiveCfg = Release|Any CPU
		{E4EBE69F-9147-4847-90FA-537EF1C49BCC}.AppStore|iPhoneSimulator.Build.0 = Release|Any CPU
		{E4EBE69F-9147-4847-90FA-537EF1C49BCC}.AppStore|iPhoneSimulator.Deploy.0 = Release|Any CPU
		{E4EBE69F-9147-4847-90FA-537EF1C49BCC}.AppStore|x64.ActiveCfg = Release|Any CPU
		{E4EBE69F-9147-4847-90FA-537EF1C49BCC}.AppStore|x64.Build.0 = Release|Any CPU
		{E4EBE69F-9147-4847-90FA-537EF1C49BCC}.AppStore|x64.Deploy.0 = Release|Any CPU
		{E4EBE69F-9147-4847-90FA-537EF1C49BCC}.AppStore|x86.ActiveCfg = Release|Any CPU
		{E4EBE69F-9147-4847-90FA-537EF1C49BCC}.AppStore|x86.Build.0 = Release|Any CPU
		{E4EBE69F-9147-4847-90FA-537EF1C49BCC}.AppStore|x86.Deploy.0 = Release|Any CPU
		{E4EBE69F-9147-4847-90FA-537EF1C49BCC}.Debug|Any CPU.ActiveCfg = Debug|Any CPU
		{E4EBE69F-9147-4847-90FA-537EF1C49BCC}.Debug|Any CPU.Build.0 = Debug|Any CPU
		{E4EBE69F-9147-4847-90FA-537EF1C49BCC}.Debug|Any CPU.Deploy.0 = Debug|Any CPU
		{E4EBE69F-9147-4847-90FA-537EF1C49BCC}.Debug|ARM.ActiveCfg = Debug|Any CPU
		{E4EBE69F-9147-4847-90FA-537EF1C49BCC}.Debug|ARM.Build.0 = Debug|Any CPU
		{E4EBE69F-9147-4847-90FA-537EF1C49BCC}.Debug|ARM.Deploy.0 = Debug|Any CPU
		{E4EBE69F-9147-4847-90FA-537EF1C49BCC}.Debug|iPhone.ActiveCfg = Debug|Any CPU
		{E4EBE69F-9147-4847-90FA-537EF1C49BCC}.Debug|iPhone.Build.0 = Debug|Any CPU
		{E4EBE69F-9147-4847-90FA-537EF1C49BCC}.Debug|iPhone.Deploy.0 = Debug|Any CPU
		{E4EBE69F-9147-4847-90FA-537EF1C49BCC}.Debug|iPhoneSimulator.ActiveCfg = Debug|Any CPU
		{E4EBE69F-9147-4847-90FA-537EF1C49BCC}.Debug|iPhoneSimulator.Build.0 = Debug|Any CPU
		{E4EBE69F-9147-4847-90FA-537EF1C49BCC}.Debug|iPhoneSimulator.Deploy.0 = Debug|Any CPU
		{E4EBE69F-9147-4847-90FA-537EF1C49BCC}.Debug|x64.ActiveCfg = Debug|Any CPU
		{E4EBE69F-9147-4847-90FA-537EF1C49BCC}.Debug|x64.Build.0 = Debug|Any CPU
		{E4EBE69F-9147-4847-90FA-537EF1C49BCC}.Debug|x64.Deploy.0 = Debug|Any CPU
		{E4EBE69F-9147-4847-90FA-537EF1C49BCC}.Debug|x86.ActiveCfg = Debug|Any CPU
		{E4EBE69F-9147-4847-90FA-537EF1C49BCC}.Debug|x86.Build.0 = Debug|Any CPU
		{E4EBE69F-9147-4847-90FA-537EF1C49BCC}.Debug|x86.Deploy.0 = Debug|Any CPU
		{E4EBE69F-9147-4847-90FA-537EF1C49BCC}.Release|Any CPU.ActiveCfg = Release|Any CPU
		{E4EBE69F-9147-4847-90FA-537EF1C49BCC}.Release|Any CPU.Build.0 = Release|Any CPU
		{E4EBE69F-9147-4847-90FA-537EF1C49BCC}.Release|Any CPU.Deploy.0 = Release|Any CPU
		{E4EBE69F-9147-4847-90FA-537EF1C49BCC}.Release|ARM.ActiveCfg = Release|Any CPU
		{E4EBE69F-9147-4847-90FA-537EF1C49BCC}.Release|ARM.Build.0 = Release|Any CPU
		{E4EBE69F-9147-4847-90FA-537EF1C49BCC}.Release|ARM.Deploy.0 = Release|Any CPU
		{E4EBE69F-9147-4847-90FA-537EF1C49BCC}.Release|iPhone.ActiveCfg = Release|Any CPU
		{E4EBE69F-9147-4847-90FA-537EF1C49BCC}.Release|iPhone.Build.0 = Release|Any CPU
		{E4EBE69F-9147-4847-90FA-537EF1C49BCC}.Release|iPhone.Deploy.0 = Release|Any CPU
		{E4EBE69F-9147-4847-90FA-537EF1C49BCC}.Release|iPhoneSimulator.ActiveCfg = Release|Any CPU
		{E4EBE69F-9147-4847-90FA-537EF1C49BCC}.Release|iPhoneSimulator.Build.0 = Release|Any CPU
		{E4EBE69F-9147-4847-90FA-537EF1C49BCC}.Release|iPhoneSimulator.Deploy.0 = Release|Any CPU
		{E4EBE69F-9147-4847-90FA-537EF1C49BCC}.Release|x64.ActiveCfg = Release|Any CPU
		{E4EBE69F-9147-4847-90FA-537EF1C49BCC}.Release|x64.Build.0 = Release|Any CPU
		{E4EBE69F-9147-4847-90FA-537EF1C49BCC}.Release|x64.Deploy.0 = Release|Any CPU
		{E4EBE69F-9147-4847-90FA-537EF1C49BCC}.Release|x86.ActiveCfg = Release|Any CPU
		{E4EBE69F-9147-4847-90FA-537EF1C49BCC}.Release|x86.Build.0 = Release|Any CPU
		{E4EBE69F-9147-4847-90FA-537EF1C49BCC}.Release|x86.Deploy.0 = Release|Any CPU
		{EFF6BE54-DF79-46AE-BF83-DC7A6C615B5A}.Ad-Hoc|Any CPU.ActiveCfg = Ad-Hoc|iPhone
		{EFF6BE54-DF79-46AE-BF83-DC7A6C615B5A}.Ad-Hoc|ARM.ActiveCfg = Ad-Hoc|iPhone
		{EFF6BE54-DF79-46AE-BF83-DC7A6C615B5A}.Ad-Hoc|iPhone.ActiveCfg = Ad-Hoc|iPhone
		{EFF6BE54-DF79-46AE-BF83-DC7A6C615B5A}.Ad-Hoc|iPhone.Build.0 = Ad-Hoc|iPhone
		{EFF6BE54-DF79-46AE-BF83-DC7A6C615B5A}.Ad-Hoc|iPhoneSimulator.ActiveCfg = Ad-Hoc|iPhoneSimulator
		{EFF6BE54-DF79-46AE-BF83-DC7A6C615B5A}.Ad-Hoc|iPhoneSimulator.Build.0 = Ad-Hoc|iPhoneSimulator
		{EFF6BE54-DF79-46AE-BF83-DC7A6C615B5A}.Ad-Hoc|x64.ActiveCfg = Ad-Hoc|iPhone
		{EFF6BE54-DF79-46AE-BF83-DC7A6C615B5A}.Ad-Hoc|x86.ActiveCfg = Ad-Hoc|iPhone
		{EFF6BE54-DF79-46AE-BF83-DC7A6C615B5A}.AppStore|Any CPU.ActiveCfg = AppStore|iPhone
		{EFF6BE54-DF79-46AE-BF83-DC7A6C615B5A}.AppStore|ARM.ActiveCfg = AppStore|iPhone
		{EFF6BE54-DF79-46AE-BF83-DC7A6C615B5A}.AppStore|iPhone.ActiveCfg = AppStore|iPhone
		{EFF6BE54-DF79-46AE-BF83-DC7A6C615B5A}.AppStore|iPhone.Build.0 = AppStore|iPhone
		{EFF6BE54-DF79-46AE-BF83-DC7A6C615B5A}.AppStore|iPhoneSimulator.ActiveCfg = AppStore|iPhoneSimulator
		{EFF6BE54-DF79-46AE-BF83-DC7A6C615B5A}.AppStore|iPhoneSimulator.Build.0 = AppStore|iPhoneSimulator
		{EFF6BE54-DF79-46AE-BF83-DC7A6C615B5A}.AppStore|x64.ActiveCfg = AppStore|iPhone
		{EFF6BE54-DF79-46AE-BF83-DC7A6C615B5A}.AppStore|x86.ActiveCfg = AppStore|iPhone
		{EFF6BE54-DF79-46AE-BF83-DC7A6C615B5A}.Debug|Any CPU.ActiveCfg = Debug|iPhone
		{EFF6BE54-DF79-46AE-BF83-DC7A6C615B5A}.Debug|ARM.ActiveCfg = Debug|iPhone
		{EFF6BE54-DF79-46AE-BF83-DC7A6C615B5A}.Debug|iPhone.ActiveCfg = Debug|iPhone
		{EFF6BE54-DF79-46AE-BF83-DC7A6C615B5A}.Debug|iPhone.Build.0 = Debug|iPhone
		{EFF6BE54-DF79-46AE-BF83-DC7A6C615B5A}.Debug|iPhoneSimulator.ActiveCfg = Debug|iPhoneSimulator
		{EFF6BE54-DF79-46AE-BF83-DC7A6C615B5A}.Debug|iPhoneSimulator.Build.0 = Debug|iPhoneSimulator
		{EFF6BE54-DF79-46AE-BF83-DC7A6C615B5A}.Debug|x64.ActiveCfg = Debug|iPhone
		{EFF6BE54-DF79-46AE-BF83-DC7A6C615B5A}.Debug|x86.ActiveCfg = Debug|iPhone
		{EFF6BE54-DF79-46AE-BF83-DC7A6C615B5A}.Release|Any CPU.ActiveCfg = Release|iPhone
		{EFF6BE54-DF79-46AE-BF83-DC7A6C615B5A}.Release|ARM.ActiveCfg = Release|iPhone
		{EFF6BE54-DF79-46AE-BF83-DC7A6C615B5A}.Release|iPhone.ActiveCfg = Release|iPhone
		{EFF6BE54-DF79-46AE-BF83-DC7A6C615B5A}.Release|iPhone.Build.0 = Release|iPhone
		{EFF6BE54-DF79-46AE-BF83-DC7A6C615B5A}.Release|iPhoneSimulator.ActiveCfg = Release|iPhoneSimulator
		{EFF6BE54-DF79-46AE-BF83-DC7A6C615B5A}.Release|iPhoneSimulator.Build.0 = Release|iPhoneSimulator
		{EFF6BE54-DF79-46AE-BF83-DC7A6C615B5A}.Release|x64.ActiveCfg = Release|iPhone
		{EFF6BE54-DF79-46AE-BF83-DC7A6C615B5A}.Release|x86.ActiveCfg = Release|iPhone
		{B755B44C-5BC8-4E73-BDBB-FD0843D85E21}.Ad-Hoc|Any CPU.ActiveCfg = Release|x86
		{B755B44C-5BC8-4E73-BDBB-FD0843D85E21}.Ad-Hoc|Any CPU.Build.0 = Release|x86
		{B755B44C-5BC8-4E73-BDBB-FD0843D85E21}.Ad-Hoc|Any CPU.Deploy.0 = Release|x86
		{B755B44C-5BC8-4E73-BDBB-FD0843D85E21}.Ad-Hoc|ARM.ActiveCfg = Release|ARM
		{B755B44C-5BC8-4E73-BDBB-FD0843D85E21}.Ad-Hoc|ARM.Build.0 = Release|ARM
		{B755B44C-5BC8-4E73-BDBB-FD0843D85E21}.Ad-Hoc|ARM.Deploy.0 = Release|ARM
		{B755B44C-5BC8-4E73-BDBB-FD0843D85E21}.Ad-Hoc|iPhone.ActiveCfg = Release|x86
		{B755B44C-5BC8-4E73-BDBB-FD0843D85E21}.Ad-Hoc|iPhone.Build.0 = Release|x86
		{B755B44C-5BC8-4E73-BDBB-FD0843D85E21}.Ad-Hoc|iPhone.Deploy.0 = Release|x86
		{B755B44C-5BC8-4E73-BDBB-FD0843D85E21}.Ad-Hoc|iPhoneSimulator.ActiveCfg = Release|x86
		{B755B44C-5BC8-4E73-BDBB-FD0843D85E21}.Ad-Hoc|iPhoneSimulator.Build.0 = Release|x86
		{B755B44C-5BC8-4E73-BDBB-FD0843D85E21}.Ad-Hoc|iPhoneSimulator.Deploy.0 = Release|x86
		{B755B44C-5BC8-4E73-BDBB-FD0843D85E21}.Ad-Hoc|x64.ActiveCfg = Release|x64
		{B755B44C-5BC8-4E73-BDBB-FD0843D85E21}.Ad-Hoc|x64.Build.0 = Release|x64
		{B755B44C-5BC8-4E73-BDBB-FD0843D85E21}.Ad-Hoc|x64.Deploy.0 = Release|x64
		{B755B44C-5BC8-4E73-BDBB-FD0843D85E21}.Ad-Hoc|x86.ActiveCfg = Release|x86
		{B755B44C-5BC8-4E73-BDBB-FD0843D85E21}.Ad-Hoc|x86.Build.0 = Release|x86
		{B755B44C-5BC8-4E73-BDBB-FD0843D85E21}.Ad-Hoc|x86.Deploy.0 = Release|x86
		{B755B44C-5BC8-4E73-BDBB-FD0843D85E21}.AppStore|Any CPU.ActiveCfg = Release|x86
		{B755B44C-5BC8-4E73-BDBB-FD0843D85E21}.AppStore|Any CPU.Build.0 = Release|x86
		{B755B44C-5BC8-4E73-BDBB-FD0843D85E21}.AppStore|Any CPU.Deploy.0 = Release|x86
		{B755B44C-5BC8-4E73-BDBB-FD0843D85E21}.AppStore|ARM.ActiveCfg = Release|ARM
		{B755B44C-5BC8-4E73-BDBB-FD0843D85E21}.AppStore|ARM.Build.0 = Release|ARM
		{B755B44C-5BC8-4E73-BDBB-FD0843D85E21}.AppStore|ARM.Deploy.0 = Release|ARM
		{B755B44C-5BC8-4E73-BDBB-FD0843D85E21}.AppStore|iPhone.ActiveCfg = Release|x86
		{B755B44C-5BC8-4E73-BDBB-FD0843D85E21}.AppStore|iPhone.Build.0 = Release|x86
		{B755B44C-5BC8-4E73-BDBB-FD0843D85E21}.AppStore|iPhone.Deploy.0 = Release|x86
		{B755B44C-5BC8-4E73-BDBB-FD0843D85E21}.AppStore|iPhoneSimulator.ActiveCfg = Release|x86
		{B755B44C-5BC8-4E73-BDBB-FD0843D85E21}.AppStore|iPhoneSimulator.Build.0 = Release|x86
		{B755B44C-5BC8-4E73-BDBB-FD0843D85E21}.AppStore|iPhoneSimulator.Deploy.0 = Release|x86
		{B755B44C-5BC8-4E73-BDBB-FD0843D85E21}.AppStore|x64.ActiveCfg = Release|x64
		{B755B44C-5BC8-4E73-BDBB-FD0843D85E21}.AppStore|x64.Build.0 = Release|x64
		{B755B44C-5BC8-4E73-BDBB-FD0843D85E21}.AppStore|x64.Deploy.0 = Release|x64
		{B755B44C-5BC8-4E73-BDBB-FD0843D85E21}.AppStore|x86.ActiveCfg = Release|x86
		{B755B44C-5BC8-4E73-BDBB-FD0843D85E21}.AppStore|x86.Build.0 = Release|x86
		{B755B44C-5BC8-4E73-BDBB-FD0843D85E21}.AppStore|x86.Deploy.0 = Release|x86
		{B755B44C-5BC8-4E73-BDBB-FD0843D85E21}.Debug|Any CPU.ActiveCfg = Debug|x86
		{B755B44C-5BC8-4E73-BDBB-FD0843D85E21}.Debug|ARM.ActiveCfg = Debug|ARM
		{B755B44C-5BC8-4E73-BDBB-FD0843D85E21}.Debug|ARM.Build.0 = Debug|ARM
		{B755B44C-5BC8-4E73-BDBB-FD0843D85E21}.Debug|ARM.Deploy.0 = Debug|ARM
		{B755B44C-5BC8-4E73-BDBB-FD0843D85E21}.Debug|iPhone.ActiveCfg = Debug|x86
		{B755B44C-5BC8-4E73-BDBB-FD0843D85E21}.Debug|iPhoneSimulator.ActiveCfg = Debug|x86
		{B755B44C-5BC8-4E73-BDBB-FD0843D85E21}.Debug|x64.ActiveCfg = Debug|x64
		{B755B44C-5BC8-4E73-BDBB-FD0843D85E21}.Debug|x64.Build.0 = Debug|x64
		{B755B44C-5BC8-4E73-BDBB-FD0843D85E21}.Debug|x64.Deploy.0 = Debug|x64
		{B755B44C-5BC8-4E73-BDBB-FD0843D85E21}.Debug|x86.ActiveCfg = Debug|x86
		{B755B44C-5BC8-4E73-BDBB-FD0843D85E21}.Debug|x86.Build.0 = Debug|x86
		{B755B44C-5BC8-4E73-BDBB-FD0843D85E21}.Debug|x86.Deploy.0 = Debug|x86
		{B755B44C-5BC8-4E73-BDBB-FD0843D85E21}.Release|Any CPU.ActiveCfg = Release|x86
		{B755B44C-5BC8-4E73-BDBB-FD0843D85E21}.Release|ARM.ActiveCfg = Release|ARM
		{B755B44C-5BC8-4E73-BDBB-FD0843D85E21}.Release|ARM.Build.0 = Release|ARM
		{B755B44C-5BC8-4E73-BDBB-FD0843D85E21}.Release|ARM.Deploy.0 = Release|ARM
		{B755B44C-5BC8-4E73-BDBB-FD0843D85E21}.Release|iPhone.ActiveCfg = Release|x86
		{B755B44C-5BC8-4E73-BDBB-FD0843D85E21}.Release|iPhoneSimulator.ActiveCfg = Release|x86
		{B755B44C-5BC8-4E73-BDBB-FD0843D85E21}.Release|x64.ActiveCfg = Release|x64
		{B755B44C-5BC8-4E73-BDBB-FD0843D85E21}.Release|x64.Build.0 = Release|x64
		{B755B44C-5BC8-4E73-BDBB-FD0843D85E21}.Release|x64.Deploy.0 = Release|x64
		{B755B44C-5BC8-4E73-BDBB-FD0843D85E21}.Release|x86.ActiveCfg = Release|x86
		{B755B44C-5BC8-4E73-BDBB-FD0843D85E21}.Release|x86.Build.0 = Release|x86
		{B755B44C-5BC8-4E73-BDBB-FD0843D85E21}.Release|x86.Deploy.0 = Release|x86
		{B4591A89-D1C1-43FD-939A-17803B339DCE}.Ad-Hoc|Any CPU.ActiveCfg = Debug|Any CPU
		{B4591A89-D1C1-43FD-939A-17803B339DCE}.Ad-Hoc|Any CPU.Build.0 = Debug|Any CPU
		{B4591A89-D1C1-43FD-939A-17803B339DCE}.Ad-Hoc|ARM.ActiveCfg = Debug|Any CPU
		{B4591A89-D1C1-43FD-939A-17803B339DCE}.Ad-Hoc|ARM.Build.0 = Debug|Any CPU
		{B4591A89-D1C1-43FD-939A-17803B339DCE}.Ad-Hoc|iPhone.ActiveCfg = Debug|Any CPU
		{B4591A89-D1C1-43FD-939A-17803B339DCE}.Ad-Hoc|iPhone.Build.0 = Debug|Any CPU
		{B4591A89-D1C1-43FD-939A-17803B339DCE}.Ad-Hoc|iPhoneSimulator.ActiveCfg = Debug|Any CPU
		{B4591A89-D1C1-43FD-939A-17803B339DCE}.Ad-Hoc|iPhoneSimulator.Build.0 = Debug|Any CPU
		{B4591A89-D1C1-43FD-939A-17803B339DCE}.Ad-Hoc|x64.ActiveCfg = Debug|Any CPU
		{B4591A89-D1C1-43FD-939A-17803B339DCE}.Ad-Hoc|x64.Build.0 = Debug|Any CPU
		{B4591A89-D1C1-43FD-939A-17803B339DCE}.Ad-Hoc|x86.ActiveCfg = Debug|Any CPU
		{B4591A89-D1C1-43FD-939A-17803B339DCE}.Ad-Hoc|x86.Build.0 = Debug|Any CPU
		{B4591A89-D1C1-43FD-939A-17803B339DCE}.AppStore|Any CPU.ActiveCfg = Debug|Any CPU
		{B4591A89-D1C1-43FD-939A-17803B339DCE}.AppStore|Any CPU.Build.0 = Debug|Any CPU
		{B4591A89-D1C1-43FD-939A-17803B339DCE}.AppStore|ARM.ActiveCfg = Debug|Any CPU
		{B4591A89-D1C1-43FD-939A-17803B339DCE}.AppStore|ARM.Build.0 = Debug|Any CPU
		{B4591A89-D1C1-43FD-939A-17803B339DCE}.AppStore|iPhone.ActiveCfg = Debug|Any CPU
		{B4591A89-D1C1-43FD-939A-17803B339DCE}.AppStore|iPhone.Build.0 = Debug|Any CPU
		{B4591A89-D1C1-43FD-939A-17803B339DCE}.AppStore|iPhoneSimulator.ActiveCfg = Debug|Any CPU
		{B4591A89-D1C1-43FD-939A-17803B339DCE}.AppStore|iPhoneSimulator.Build.0 = Debug|Any CPU
		{B4591A89-D1C1-43FD-939A-17803B339DCE}.AppStore|x64.ActiveCfg = Debug|Any CPU
		{B4591A89-D1C1-43FD-939A-17803B339DCE}.AppStore|x64.Build.0 = Debug|Any CPU
		{B4591A89-D1C1-43FD-939A-17803B339DCE}.AppStore|x86.ActiveCfg = Debug|Any CPU
		{B4591A89-D1C1-43FD-939A-17803B339DCE}.AppStore|x86.Build.0 = Debug|Any CPU
		{B4591A89-D1C1-43FD-939A-17803B339DCE}.Debug|Any CPU.ActiveCfg = Debug|Any CPU
		{B4591A89-D1C1-43FD-939A-17803B339DCE}.Debug|Any CPU.Build.0 = Debug|Any CPU
		{B4591A89-D1C1-43FD-939A-17803B339DCE}.Debug|ARM.ActiveCfg = Debug|Any CPU
		{B4591A89-D1C1-43FD-939A-17803B339DCE}.Debug|ARM.Build.0 = Debug|Any CPU
		{B4591A89-D1C1-43FD-939A-17803B339DCE}.Debug|iPhone.ActiveCfg = Debug|Any CPU
		{B4591A89-D1C1-43FD-939A-17803B339DCE}.Debug|iPhone.Build.0 = Debug|Any CPU
		{B4591A89-D1C1-43FD-939A-17803B339DCE}.Debug|iPhoneSimulator.ActiveCfg = Debug|Any CPU
		{B4591A89-D1C1-43FD-939A-17803B339DCE}.Debug|iPhoneSimulator.Build.0 = Debug|Any CPU
		{B4591A89-D1C1-43FD-939A-17803B339DCE}.Debug|x64.ActiveCfg = Debug|Any CPU
		{B4591A89-D1C1-43FD-939A-17803B339DCE}.Debug|x64.Build.0 = Debug|Any CPU
		{B4591A89-D1C1-43FD-939A-17803B339DCE}.Debug|x86.ActiveCfg = Debug|Any CPU
		{B4591A89-D1C1-43FD-939A-17803B339DCE}.Debug|x86.Build.0 = Debug|Any CPU
		{B4591A89-D1C1-43FD-939A-17803B339DCE}.Release|Any CPU.ActiveCfg = Release|Any CPU
		{B4591A89-D1C1-43FD-939A-17803B339DCE}.Release|Any CPU.Build.0 = Release|Any CPU
		{B4591A89-D1C1-43FD-939A-17803B339DCE}.Release|ARM.ActiveCfg = Release|Any CPU
		{B4591A89-D1C1-43FD-939A-17803B339DCE}.Release|ARM.Build.0 = Release|Any CPU
		{B4591A89-D1C1-43FD-939A-17803B339DCE}.Release|iPhone.ActiveCfg = Release|Any CPU
		{B4591A89-D1C1-43FD-939A-17803B339DCE}.Release|iPhone.Build.0 = Release|Any CPU
		{B4591A89-D1C1-43FD-939A-17803B339DCE}.Release|iPhoneSimulator.ActiveCfg = Release|Any CPU
		{B4591A89-D1C1-43FD-939A-17803B339DCE}.Release|iPhoneSimulator.Build.0 = Release|Any CPU
		{B4591A89-D1C1-43FD-939A-17803B339DCE}.Release|x64.ActiveCfg = Release|Any CPU
		{B4591A89-D1C1-43FD-939A-17803B339DCE}.Release|x64.Build.0 = Release|Any CPU
		{B4591A89-D1C1-43FD-939A-17803B339DCE}.Release|x86.ActiveCfg = Release|Any CPU
		{B4591A89-D1C1-43FD-939A-17803B339DCE}.Release|x86.Build.0 = Release|Any CPU
	EndGlobalSection
	GlobalSection(SolutionProperties) = preSolution
		HideSolutionNode = FALSE
	EndGlobalSection
	GlobalSection(ExtensibilityGlobals) = postSolution
		SolutionGuid = {FF981BB9-7EF5-4CF1-B774-7F1E29EA0C60}
	EndGlobalSection
EndGlobal
