
Microsoft Visual Studio Solution File, Format Version 12.00
# Visual Studio 15
VisualStudioVersion = 15.0.27428.2005
MinimumVisualStudioVersion = 10.0.40219.1
Project("{FAE04EC0-301F-11D3-BF4B-00C04F79EFBC}") = "Projeto01.Android", "Projeto01\Projeto01.Android\Projeto01.Android.csproj", "{B41FABD3-EABB-40B6-83B8-D8DC233B86FA}"
EndProject
Project("{FAE04EC0-301F-11D3-BF4B-00C04F79EFBC}") = "Projeto01.iOS", "Projeto01\Projeto01.iOS\Projeto01.iOS.csproj", "{DE0DD8B6-1D88-44A5-B8D7-315067EA38D1}"
EndProject
Project("{FAE04EC0-301F-11D3-BF4B-00C04F79EFBC}") = "Projeto01.UWP", "Projeto01\Projeto01.UWP\Projeto01.UWP.csproj", "{685D59B5-BDA5-4BC4-AE9E-9C52E7C25ABF}"
EndProject
Project("{FAE04EC0-301F-11D3-BF4B-00C04F79EFBC}") = "Projeto01", "Projeto01\Projeto01\Projeto01.csproj", "{3C4CA769-7D97-44C4-B14B-FD5AA5835321}"
EndProject
Global
	GlobalSection(SolutionConfigurationPlatforms) = preSolution
		Ad-Hoc|Any CPU = Ad-Hoc|Any CPU
		Ad-Hoc|ARM = Ad-Hoc|ARM
		Ad-Hoc|iPhone = Ad-Hoc|iPhone
		Ad-Hoc|iPhoneSimulator = Ad-Hoc|iPhoneSimulator
		Ad-Hoc|x64 = Ad-Hoc|x64
		Ad-Hoc|x86 = Ad-Hoc|x86
		AppStore|Any CPU = AppStore|Any CPU
		AppStore|ARM = AppStore|ARM
		AppStore|iPhone = AppStore|iPhone
		AppStore|iPhoneSimulator = AppStore|iPhoneSimulator
		AppStore|x64 = AppStore|x64
		AppStore|x86 = AppStore|x86
		Debug|Any CPU = Debug|Any CPU
		Debug|ARM = Debug|ARM
		Debug|iPhone = Debug|iPhone
		Debug|iPhoneSimulator = Debug|iPhoneSimulator
		Debug|x64 = Debug|x64
		Debug|x86 = Debug|x86
		Release|Any CPU = Release|Any CPU
		Release|ARM = Release|ARM
		Release|iPhone = Release|iPhone
		Release|iPhoneSimulator = Release|iPhoneSimulator
		Release|x64 = Release|x64
		Release|x86 = Release|x86
	EndGlobalSection
	GlobalSection(ProjectConfigurationPlatforms) = postSolution
		{B41FABD3-EABB-40B6-83B8-D8DC233B86FA}.Ad-Hoc|Any CPU.ActiveCfg = Release|Any CPU
		{B41FABD3-EABB-40B6-83B8-D8DC233B86FA}.Ad-Hoc|Any CPU.Build.0 = Release|Any CPU
		{B41FABD3-EABB-40B6-83B8-D8DC233B86FA}.Ad-Hoc|Any CPU.Deploy.0 = Release|Any CPU
		{B41FABD3-EABB-40B6-83B8-D8DC233B86FA}.Ad-Hoc|ARM.ActiveCfg = Release|Any CPU
		{B41FABD3-EABB-40B6-83B8-D8DC233B86FA}.Ad-Hoc|ARM.Build.0 = Release|Any CPU
		{B41FABD3-EABB-40B6-83B8-D8DC233B86FA}.Ad-Hoc|ARM.Deploy.0 = Release|Any CPU
		{B41FABD3-EABB-40B6-83B8-D8DC233B86FA}.Ad-Hoc|iPhone.ActiveCfg = Release|Any CPU
		{B41FABD3-EABB-40B6-83B8-D8DC233B86FA}.Ad-Hoc|iPhone.Build.0 = Release|Any CPU
		{B41FABD3-EABB-40B6-83B8-D8DC233B86FA}.Ad-Hoc|iPhone.Deploy.0 = Release|Any CPU
		{B41FABD3-EABB-40B6-83B8-D8DC233B86FA}.Ad-Hoc|iPhoneSimulator.ActiveCfg = Release|Any CPU
		{B41FABD3-EABB-40B6-83B8-D8DC233B86FA}.Ad-Hoc|iPhoneSimulator.Build.0 = Release|Any CPU
		{B41FABD3-EABB-40B6-83B8-D8DC233B86FA}.Ad-Hoc|iPhoneSimulator.Deploy.0 = Release|Any CPU
		{B41FABD3-EABB-40B6-83B8-D8DC233B86FA}.Ad-Hoc|x64.ActiveCfg = Release|Any CPU
		{B41FABD3-EABB-40B6-83B8-D8DC233B86FA}.Ad-Hoc|x64.Build.0 = Release|Any CPU
		{B41FABD3-EABB-40B6-83B8-D8DC233B86FA}.Ad-Hoc|x64.Deploy.0 = Release|Any CPU
		{B41FABD3-EABB-40B6-83B8-D8DC233B86FA}.Ad-Hoc|x86.ActiveCfg = Release|Any CPU
		{B41FABD3-EABB-40B6-83B8-D8DC233B86FA}.Ad-Hoc|x86.Build.0 = Release|Any CPU
		{B41FABD3-EABB-40B6-83B8-D8DC233B86FA}.Ad-Hoc|x86.Deploy.0 = Release|Any CPU
		{B41FABD3-EABB-40B6-83B8-D8DC233B86FA}.AppStore|Any CPU.ActiveCfg = Release|Any CPU
		{B41FABD3-EABB-40B6-83B8-D8DC233B86FA}.AppStore|Any CPU.Build.0 = Release|Any CPU
		{B41FABD3-EABB-40B6-83B8-D8DC233B86FA}.AppStore|Any CPU.Deploy.0 = Release|Any CPU
		{B41FABD3-EABB-40B6-83B8-D8DC233B86FA}.AppStore|ARM.ActiveCfg = Release|Any CPU
		{B41FABD3-EABB-40B6-83B8-D8DC233B86FA}.AppStore|ARM.Build.0 = Release|Any CPU
		{B41FABD3-EABB-40B6-83B8-D8DC233B86FA}.AppStore|ARM.Deploy.0 = Release|Any CPU
		{B41FABD3-EABB-40B6-83B8-D8DC233B86FA}.AppStore|iPhone.ActiveCfg = Release|Any CPU
		{B41FABD3-EABB-40B6-83B8-D8DC233B86FA}.AppStore|iPhone.Build.0 = Release|Any CPU
		{B41FABD3-EABB-40B6-83B8-D8DC233B86FA}.AppStore|iPhone.Deploy.0 = Release|Any CPU
		{B41FABD3-EABB-40B6-83B8-D8DC233B86FA}.AppStore|iPhoneSimulator.ActiveCfg = Release|Any CPU
		{B41FABD3-EABB-40B6-83B8-D8DC233B86FA}.AppStore|iPhoneSimulator.Build.0 = Release|Any CPU
		{B41FABD3-EABB-40B6-83B8-D8DC233B86FA}.AppStore|iPhoneSimulator.Deploy.0 = Release|Any CPU
		{B41FABD3-EABB-40B6-83B8-D8DC233B86FA}.AppStore|x64.ActiveCfg = Release|Any CPU
		{B41FABD3-EABB-40B6-83B8-D8DC233B86FA}.AppStore|x64.Build.0 = Release|Any CPU
		{B41FABD3-EABB-40B6-83B8-D8DC233B86FA}.AppStore|x64.Deploy.0 = Release|Any CPU
		{B41FABD3-EABB-40B6-83B8-D8DC233B86FA}.AppStore|x86.ActiveCfg = Release|Any CPU
		{B41FABD3-EABB-40B6-83B8-D8DC233B86FA}.AppStore|x86.Build.0 = Release|Any CPU
		{B41FABD3-EABB-40B6-83B8-D8DC233B86FA}.AppStore|x86.Deploy.0 = Release|Any CPU
		{B41FABD3-EABB-40B6-83B8-D8DC233B86FA}.Debug|Any CPU.ActiveCfg = Debug|Any CPU
		{B41FABD3-EABB-40B6-83B8-D8DC233B86FA}.Debug|Any CPU.Build.0 = Debug|Any CPU
		{B41FABD3-EABB-40B6-83B8-D8DC233B86FA}.Debug|Any CPU.Deploy.0 = Debug|Any CPU
		{B41FABD3-EABB-40B6-83B8-D8DC233B86FA}.Debug|ARM.ActiveCfg = Debug|Any CPU
		{B41FABD3-EABB-40B6-83B8-D8DC233B86FA}.Debug|ARM.Build.0 = Debug|Any CPU
		{B41FABD3-EABB-40B6-83B8-D8DC233B86FA}.Debug|ARM.Deploy.0 = Debug|Any CPU
		{B41FABD3-EABB-40B6-83B8-D8DC233B86FA}.Debug|iPhone.ActiveCfg = Debug|Any CPU
		{B41FABD3-EABB-40B6-83B8-D8DC233B86FA}.Debug|iPhone.Build.0 = Debug|Any CPU
		{B41FABD3-EABB-40B6-83B8-D8DC233B86FA}.Debug|iPhone.Deploy.0 = Debug|Any CPU
		{B41FABD3-EABB-40B6-83B8-D8DC233B86FA}.Debug|iPhoneSimulator.ActiveCfg = Debug|Any CPU
		{B41FABD3-EABB-40B6-83B8-D8DC233B86FA}.Debug|iPhoneSimulator.Build.0 = Debug|Any CPU
		{B41FABD3-EABB-40B6-83B8-D8DC233B86FA}.Debug|iPhoneSimulator.Deploy.0 = Debug|Any CPU
		{B41FABD3-EABB-40B6-83B8-D8DC233B86FA}.Debug|x64.ActiveCfg = Debug|Any CPU
		{B41FABD3-EABB-40B6-83B8-D8DC233B86FA}.Debug|x64.Build.0 = Debug|Any CPU
		{B41FABD3-EABB-40B6-83B8-D8DC233B86FA}.Debug|x64.Deploy.0 = Debug|Any CPU
		{B41FABD3-EABB-40B6-83B8-D8DC233B86FA}.Debug|x86.ActiveCfg = Debug|Any CPU
		{B41FABD3-EABB-40B6-83B8-D8DC233B86FA}.Debug|x86.Build.0 = Debug|Any CPU
		{B41FABD3-EABB-40B6-83B8-D8DC233B86FA}.Debug|x86.Deploy.0 = Debug|Any CPU
		{B41FABD3-EABB-40B6-83B8-D8DC233B86FA}.Release|Any CPU.ActiveCfg = Release|Any CPU
		{B41FABD3-EABB-40B6-83B8-D8DC233B86FA}.Release|Any CPU.Build.0 = Release|Any CPU
		{B41FABD3-EABB-40B6-83B8-D8DC233B86FA}.Release|Any CPU.Deploy.0 = Release|Any CPU
		{B41FABD3-EABB-40B6-83B8-D8DC233B86FA}.Release|ARM.ActiveCfg = Release|Any CPU
		{B41FABD3-EABB-40B6-83B8-D8DC233B86FA}.Release|ARM.Build.0 = Release|Any CPU
		{B41FABD3-EABB-40B6-83B8-D8DC233B86FA}.Release|ARM.Deploy.0 = Release|Any CPU
		{B41FABD3-EABB-40B6-83B8-D8DC233B86FA}.Release|iPhone.ActiveCfg = Release|Any CPU
		{B41FABD3-EABB-40B6-83B8-D8DC233B86FA}.Release|iPhone.Build.0 = Release|Any CPU
		{B41FABD3-EABB-40B6-83B8-D8DC233B86FA}.Release|iPhone.Deploy.0 = Release|Any CPU
		{B41FABD3-EABB-40B6-83B8-D8DC233B86FA}.Release|iPhoneSimulator.ActiveCfg = Release|Any CPU
		{B41FABD3-EABB-40B6-83B8-D8DC233B86FA}.Release|iPhoneSimulator.Build.0 = Release|Any CPU
		{B41FABD3-EABB-40B6-83B8-D8DC233B86FA}.Release|iPhoneSimulator.Deploy.0 = Release|Any CPU
		{B41FABD3-EABB-40B6-83B8-D8DC233B86FA}.Release|x64.ActiveCfg = Release|Any CPU
		{B41FABD3-EABB-40B6-83B8-D8DC233B86FA}.Release|x64.Build.0 = Release|Any CPU
		{B41FABD3-EABB-40B6-83B8-D8DC233B86FA}.Release|x64.Deploy.0 = Release|Any CPU
		{B41FABD3-EABB-40B6-83B8-D8DC233B86FA}.Release|x86.ActiveCfg = Release|Any CPU
		{B41FABD3-EABB-40B6-83B8-D8DC233B86FA}.Release|x86.Build.0 = Release|Any CPU
		{B41FABD3-EABB-40B6-83B8-D8DC233B86FA}.Release|x86.Deploy.0 = Release|Any CPU
		{DE0DD8B6-1D88-44A5-B8D7-315067EA38D1}.Ad-Hoc|Any CPU.ActiveCfg = Ad-Hoc|iPhone
		{DE0DD8B6-1D88-44A5-B8D7-315067EA38D1}.Ad-Hoc|ARM.ActiveCfg = Ad-Hoc|iPhone
		{DE0DD8B6-1D88-44A5-B8D7-315067EA38D1}.Ad-Hoc|iPhone.ActiveCfg = Ad-Hoc|iPhone
		{DE0DD8B6-1D88-44A5-B8D7-315067EA38D1}.Ad-Hoc|iPhone.Build.0 = Ad-Hoc|iPhone
		{DE0DD8B6-1D88-44A5-B8D7-315067EA38D1}.Ad-Hoc|iPhoneSimulator.ActiveCfg = Ad-Hoc|iPhoneSimulator
		{DE0DD8B6-1D88-44A5-B8D7-315067EA38D1}.Ad-Hoc|iPhoneSimulator.Build.0 = Ad-Hoc|iPhoneSimulator
		{DE0DD8B6-1D88-44A5-B8D7-315067EA38D1}.Ad-Hoc|x64.ActiveCfg = Ad-Hoc|iPhone
		{DE0DD8B6-1D88-44A5-B8D7-315067EA38D1}.Ad-Hoc|x86.ActiveCfg = Ad-Hoc|iPhone
		{DE0DD8B6-1D88-44A5-B8D7-315067EA38D1}.AppStore|Any CPU.ActiveCfg = AppStore|iPhone
		{DE0DD8B6-1D88-44A5-B8D7-315067EA38D1}.AppStore|ARM.ActiveCfg = AppStore|iPhone
		{DE0DD8B6-1D88-44A5-B8D7-315067EA38D1}.AppStore|iPhone.ActiveCfg = AppStore|iPhone
		{DE0DD8B6-1D88-44A5-B8D7-315067EA38D1}.AppStore|iPhone.Build.0 = AppStore|iPhone
		{DE0DD8B6-1D88-44A5-B8D7-315067EA38D1}.AppStore|iPhoneSimulator.ActiveCfg = AppStore|iPhoneSimulator
		{DE0DD8B6-1D88-44A5-B8D7-315067EA38D1}.AppStore|iPhoneSimulator.Build.0 = AppStore|iPhoneSimulator
		{DE0DD8B6-1D88-44A5-B8D7-315067EA38D1}.AppStore|x64.ActiveCfg = AppStore|iPhone
		{DE0DD8B6-1D88-44A5-B8D7-315067EA38D1}.AppStore|x86.ActiveCfg = AppStore|iPhone
		{DE0DD8B6-1D88-44A5-B8D7-315067EA38D1}.Debug|Any CPU.ActiveCfg = Debug|iPhone
		{DE0DD8B6-1D88-44A5-B8D7-315067EA38D1}.Debug|ARM.ActiveCfg = Debug|iPhone
		{DE0DD8B6-1D88-44A5-B8D7-315067EA38D1}.Debug|iPhone.ActiveCfg = Debug|iPhone
		{DE0DD8B6-1D88-44A5-B8D7-315067EA38D1}.Debug|iPhone.Build.0 = Debug|iPhone
		{DE0DD8B6-1D88-44A5-B8D7-315067EA38D1}.Debug|iPhoneSimulator.ActiveCfg = Debug|iPhoneSimulator
		{DE0DD8B6-1D88-44A5-B8D7-315067EA38D1}.Debug|iPhoneSimulator.Build.0 = Debug|iPhoneSimulator
		{DE0DD8B6-1D88-44A5-B8D7-315067EA38D1}.Debug|x64.ActiveCfg = Debug|iPhone
		{DE0DD8B6-1D88-44A5-B8D7-315067EA38D1}.Debug|x86.ActiveCfg = Debug|iPhone
		{DE0DD8B6-1D88-44A5-B8D7-315067EA38D1}.Release|Any CPU.ActiveCfg = Release|iPhone
		{DE0DD8B6-1D88-44A5-B8D7-315067EA38D1}.Release|ARM.ActiveCfg = Release|iPhone
		{DE0DD8B6-1D88-44A5-B8D7-315067EA38D1}.Release|iPhone.ActiveCfg = Release|iPhone
		{DE0DD8B6-1D88-44A5-B8D7-315067EA38D1}.Release|iPhone.Build.0 = Release|iPhone
		{DE0DD8B6-1D88-44A5-B8D7-315067EA38D1}.Release|iPhoneSimulator.ActiveCfg = Release|iPhoneSimulator
		{DE0DD8B6-1D88-44A5-B8D7-315067EA38D1}.Release|iPhoneSimulator.Build.0 = Release|iPhoneSimulator
		{DE0DD8B6-1D88-44A5-B8D7-315067EA38D1}.Release|x64.ActiveCfg = Release|iPhone
		{DE0DD8B6-1D88-44A5-B8D7-315067EA38D1}.Release|x86.ActiveCfg = Release|iPhone
		{685D59B5-BDA5-4BC4-AE9E-9C52E7C25ABF}.Ad-Hoc|Any CPU.ActiveCfg = Release|x86
		{685D59B5-BDA5-4BC4-AE9E-9C52E7C25ABF}.Ad-Hoc|Any CPU.Build.0 = Release|x86
		{685D59B5-BDA5-4BC4-AE9E-9C52E7C25ABF}.Ad-Hoc|Any CPU.Deploy.0 = Release|x86
		{685D59B5-BDA5-4BC4-AE9E-9C52E7C25ABF}.Ad-Hoc|ARM.ActiveCfg = Release|ARM
		{685D59B5-BDA5-4BC4-AE9E-9C52E7C25ABF}.Ad-Hoc|ARM.Build.0 = Release|ARM
		{685D59B5-BDA5-4BC4-AE9E-9C52E7C25ABF}.Ad-Hoc|ARM.Deploy.0 = Release|ARM
		{685D59B5-BDA5-4BC4-AE9E-9C52E7C25ABF}.Ad-Hoc|iPhone.ActiveCfg = Release|x86
		{685D59B5-BDA5-4BC4-AE9E-9C52E7C25ABF}.Ad-Hoc|iPhone.Build.0 = Release|x86
		{685D59B5-BDA5-4BC4-AE9E-9C52E7C25ABF}.Ad-Hoc|iPhone.Deploy.0 = Release|x86
		{685D59B5-BDA5-4BC4-AE9E-9C52E7C25ABF}.Ad-Hoc|iPhoneSimulator.ActiveCfg = Release|x86
		{685D59B5-BDA5-4BC4-AE9E-9C52E7C25ABF}.Ad-Hoc|iPhoneSimulator.Build.0 = Release|x86
		{685D59B5-BDA5-4BC4-AE9E-9C52E7C25ABF}.Ad-Hoc|iPhoneSimulator.Deploy.0 = Release|x86
		{685D59B5-BDA5-4BC4-AE9E-9C52E7C25ABF}.Ad-Hoc|x64.ActiveCfg = Release|x64
		{685D59B5-BDA5-4BC4-AE9E-9C52E7C25ABF}.Ad-Hoc|x64.Build.0 = Release|x64
		{685D59B5-BDA5-4BC4-AE9E-9C52E7C25ABF}.Ad-Hoc|x64.Deploy.0 = Release|x64
		{685D59B5-BDA5-4BC4-AE9E-9C52E7C25ABF}.Ad-Hoc|x86.ActiveCfg = Release|x86
		{685D59B5-BDA5-4BC4-AE9E-9C52E7C25ABF}.Ad-Hoc|x86.Build.0 = Release|x86
		{685D59B5-BDA5-4BC4-AE9E-9C52E7C25ABF}.Ad-Hoc|x86.Deploy.0 = Release|x86
		{685D59B5-BDA5-4BC4-AE9E-9C52E7C25ABF}.AppStore|Any CPU.ActiveCfg = Release|x86
		{685D59B5-BDA5-4BC4-AE9E-9C52E7C25ABF}.AppStore|Any CPU.Build.0 = Release|x86
		{685D59B5-BDA5-4BC4-AE9E-9C52E7C25ABF}.AppStore|Any CPU.Deploy.0 = Release|x86
		{685D59B5-BDA5-4BC4-AE9E-9C52E7C25ABF}.AppStore|ARM.ActiveCfg = Release|ARM
		{685D59B5-BDA5-4BC4-AE9E-9C52E7C25ABF}.AppStore|ARM.Build.0 = Release|ARM
		{685D59B5-BDA5-4BC4-AE9E-9C52E7C25ABF}.AppStore|ARM.Deploy.0 = Release|ARM
		{685D59B5-BDA5-4BC4-AE9E-9C52E7C25ABF}.AppStore|iPhone.ActiveCfg = Release|x86
		{685D59B5-BDA5-4BC4-AE9E-9C52E7C25ABF}.AppStore|iPhone.Build.0 = Release|x86
		{685D59B5-BDA5-4BC4-AE9E-9C52E7C25ABF}.AppStore|iPhone.Deploy.0 = Release|x86
		{685D59B5-BDA5-4BC4-AE9E-9C52E7C25ABF}.AppStore|iPhoneSimulator.ActiveCfg = Release|x86
		{685D59B5-BDA5-4BC4-AE9E-9C52E7C25ABF}.AppStore|iPhoneSimulator.Build.0 = Release|x86
		{685D59B5-BDA5-4BC4-AE9E-9C52E7C25ABF}.AppStore|iPhoneSimulator.Deploy.0 = Release|x86
		{685D59B5-BDA5-4BC4-AE9E-9C52E7C25ABF}.AppStore|x64.ActiveCfg = Release|x64
		{685D59B5-BDA5-4BC4-AE9E-9C52E7C25ABF}.AppStore|x64.Build.0 = Release|x64
		{685D59B5-BDA5-4BC4-AE9E-9C52E7C25ABF}.AppStore|x64.Deploy.0 = Release|x64
		{685D59B5-BDA5-4BC4-AE9E-9C52E7C25ABF}.AppStore|x86.ActiveCfg = Release|x86
		{685D59B5-BDA5-4BC4-AE9E-9C52E7C25ABF}.AppStore|x86.Build.0 = Release|x86
		{685D59B5-BDA5-4BC4-AE9E-9C52E7C25ABF}.AppStore|x86.Deploy.0 = Release|x86
		{685D59B5-BDA5-4BC4-AE9E-9C52E7C25ABF}.Debug|Any CPU.ActiveCfg = Debug|x86
		{685D59B5-BDA5-4BC4-AE9E-9C52E7C25ABF}.Debug|ARM.ActiveCfg = Debug|ARM
		{685D59B5-BDA5-4BC4-AE9E-9C52E7C25ABF}.Debug|ARM.Build.0 = Debug|ARM
		{685D59B5-BDA5-4BC4-AE9E-9C52E7C25ABF}.Debug|ARM.Deploy.0 = Debug|ARM
		{685D59B5-BDA5-4BC4-AE9E-9C52E7C25ABF}.Debug|iPhone.ActiveCfg = Debug|x86
		{685D59B5-BDA5-4BC4-AE9E-9C52E7C25ABF}.Debug|iPhoneSimulator.ActiveCfg = Debug|x86
		{685D59B5-BDA5-4BC4-AE9E-9C52E7C25ABF}.Debug|x64.ActiveCfg = Debug|x64
		{685D59B5-BDA5-4BC4-AE9E-9C52E7C25ABF}.Debug|x64.Build.0 = Debug|x64
		{685D59B5-BDA5-4BC4-AE9E-9C52E7C25ABF}.Debug|x64.Deploy.0 = Debug|x64
		{685D59B5-BDA5-4BC4-AE9E-9C52E7C25ABF}.Debug|x86.ActiveCfg = Debug|x86
		{685D59B5-BDA5-4BC4-AE9E-9C52E7C25ABF}.Debug|x86.Build.0 = Debug|x86
		{685D59B5-BDA5-4BC4-AE9E-9C52E7C25ABF}.Debug|x86.Deploy.0 = Debug|x86
		{685D59B5-BDA5-4BC4-AE9E-9C52E7C25ABF}.Release|Any CPU.ActiveCfg = Release|x86
		{685D59B5-BDA5-4BC4-AE9E-9C52E7C25ABF}.Release|ARM.ActiveCfg = Release|ARM
		{685D59B5-BDA5-4BC4-AE9E-9C52E7C25ABF}.Release|ARM.Build.0 = Release|ARM
		{685D59B5-BDA5-4BC4-AE9E-9C52E7C25ABF}.Release|ARM.Deploy.0 = Release|ARM
		{685D59B5-BDA5-4BC4-AE9E-9C52E7C25ABF}.Release|iPhone.ActiveCfg = Release|x86
		{685D59B5-BDA5-4BC4-AE9E-9C52E7C25ABF}.Release|iPhoneSimulator.ActiveCfg = Release|x86
		{685D59B5-BDA5-4BC4-AE9E-9C52E7C25ABF}.Release|x64.ActiveCfg = Release|x64
		{685D59B5-BDA5-4BC4-AE9E-9C52E7C25ABF}.Release|x64.Build.0 = Release|x64
		{685D59B5-BDA5-4BC4-AE9E-9C52E7C25ABF}.Release|x64.Deploy.0 = Release|x64
		{685D59B5-BDA5-4BC4-AE9E-9C52E7C25ABF}.Release|x86.ActiveCfg = Release|x86
		{685D59B5-BDA5-4BC4-AE9E-9C52E7C25ABF}.Release|x86.Build.0 = Release|x86
		{685D59B5-BDA5-4BC4-AE9E-9C52E7C25ABF}.Release|x86.Deploy.0 = Release|x86
		{3C4CA769-7D97-44C4-B14B-FD5AA5835321}.Ad-Hoc|Any CPU.ActiveCfg = Debug|Any CPU
		{3C4CA769-7D97-44C4-B14B-FD5AA5835321}.Ad-Hoc|Any CPU.Build.0 = Debug|Any CPU
		{3C4CA769-7D97-44C4-B14B-FD5AA5835321}.Ad-Hoc|ARM.ActiveCfg = Debug|Any CPU
		{3C4CA769-7D97-44C4-B14B-FD5AA5835321}.Ad-Hoc|ARM.Build.0 = Debug|Any CPU
		{3C4CA769-7D97-44C4-B14B-FD5AA5835321}.Ad-Hoc|iPhone.ActiveCfg = Debug|Any CPU
		{3C4CA769-7D97-44C4-B14B-FD5AA5835321}.Ad-Hoc|iPhone.Build.0 = Debug|Any CPU
		{3C4CA769-7D97-44C4-B14B-FD5AA5835321}.Ad-Hoc|iPhoneSimulator.ActiveCfg = Debug|Any CPU
		{3C4CA769-7D97-44C4-B14B-FD5AA5835321}.Ad-Hoc|iPhoneSimulator.Build.0 = Debug|Any CPU
		{3C4CA769-7D97-44C4-B14B-FD5AA5835321}.Ad-Hoc|x64.ActiveCfg = Debug|Any CPU
		{3C4CA769-7D97-44C4-B14B-FD5AA5835321}.Ad-Hoc|x64.Build.0 = Debug|Any CPU
		{3C4CA769-7D97-44C4-B14B-FD5AA5835321}.Ad-Hoc|x86.ActiveCfg = Debug|Any CPU
		{3C4CA769-7D97-44C4-B14B-FD5AA5835321}.Ad-Hoc|x86.Build.0 = Debug|Any CPU
		{3C4CA769-7D97-44C4-B14B-FD5AA5835321}.AppStore|Any CPU.ActiveCfg = Debug|Any CPU
		{3C4CA769-7D97-44C4-B14B-FD5AA5835321}.AppStore|Any CPU.Build.0 = Debug|Any CPU
		{3C4CA769-7D97-44C4-B14B-FD5AA5835321}.AppStore|ARM.ActiveCfg = Debug|Any CPU
		{3C4CA769-7D97-44C4-B14B-FD5AA5835321}.AppStore|ARM.Build.0 = Debug|Any CPU
		{3C4CA769-7D97-44C4-B14B-FD5AA5835321}.AppStore|iPhone.ActiveCfg = Debug|Any CPU
		{3C4CA769-7D97-44C4-B14B-FD5AA5835321}.AppStore|iPhone.Build.0 = Debug|Any CPU
		{3C4CA769-7D97-44C4-B14B-FD5AA5835321}.AppStore|iPhoneSimulator.ActiveCfg = Debug|Any CPU
		{3C4CA769-7D97-44C4-B14B-FD5AA5835321}.AppStore|iPhoneSimulator.Build.0 = Debug|Any CPU
		{3C4CA769-7D97-44C4-B14B-FD5AA5835321}.AppStore|x64.ActiveCfg = Debug|Any CPU
		{3C4CA769-7D97-44C4-B14B-FD5AA5835321}.AppStore|x64.Build.0 = Debug|Any CPU
		{3C4CA769-7D97-44C4-B14B-FD5AA5835321}.AppStore|x86.ActiveCfg = Debug|Any CPU
		{3C4CA769-7D97-44C4-B14B-FD5AA5835321}.AppStore|x86.Build.0 = Debug|Any CPU
		{3C4CA769-7D97-44C4-B14B-FD5AA5835321}.Debug|Any CPU.ActiveCfg = Debug|Any CPU
		{3C4CA769-7D97-44C4-B14B-FD5AA5835321}.Debug|Any CPU.Build.0 = Debug|Any CPU
		{3C4CA769-7D97-44C4-B14B-FD5AA5835321}.Debug|ARM.ActiveCfg = Debug|Any CPU
		{3C4CA769-7D97-44C4-B14B-FD5AA5835321}.Debug|ARM.Build.0 = Debug|Any CPU
		{3C4CA769-7D97-44C4-B14B-FD5AA5835321}.Debug|iPhone.ActiveCfg = Debug|Any CPU
		{3C4CA769-7D97-44C4-B14B-FD5AA5835321}.Debug|iPhone.Build.0 = Debug|Any CPU
		{3C4CA769-7D97-44C4-B14B-FD5AA5835321}.Debug|iPhoneSimulator.ActiveCfg = Debug|Any CPU
		{3C4CA769-7D97-44C4-B14B-FD5AA5835321}.Debug|iPhoneSimulator.Build.0 = Debug|Any CPU
		{3C4CA769-7D97-44C4-B14B-FD5AA5835321}.Debug|x64.ActiveCfg = Debug|Any CPU
		{3C4CA769-7D97-44C4-B14B-FD5AA5835321}.Debug|x64.Build.0 = Debug|Any CPU
		{3C4CA769-7D97-44C4-B14B-FD5AA5835321}.Debug|x86.ActiveCfg = Debug|Any CPU
		{3C4CA769-7D97-44C4-B14B-FD5AA5835321}.Debug|x86.Build.0 = Debug|Any CPU
		{3C4CA769-7D97-44C4-B14B-FD5AA5835321}.Release|Any CPU.ActiveCfg = Release|Any CPU
		{3C4CA769-7D97-44C4-B14B-FD5AA5835321}.Release|Any CPU.Build.0 = Release|Any CPU
		{3C4CA769-7D97-44C4-B14B-FD5AA5835321}.Release|ARM.ActiveCfg = Release|Any CPU
		{3C4CA769-7D97-44C4-B14B-FD5AA5835321}.Release|ARM.Build.0 = Release|Any CPU
		{3C4CA769-7D97-44C4-B14B-FD5AA5835321}.Release|iPhone.ActiveCfg = Release|Any CPU
		{3C4CA769-7D97-44C4-B14B-FD5AA5835321}.Release|iPhone.Build.0 = Release|Any CPU
		{3C4CA769-7D97-44C4-B14B-FD5AA5835321}.Release|iPhoneSimulator.ActiveCfg = Release|Any CPU
		{3C4CA769-7D97-44C4-B14B-FD5AA5835321}.Release|iPhoneSimulator.Build.0 = Release|Any CPU
		{3C4CA769-7D97-44C4-B14B-FD5AA5835321}.Release|x64.ActiveCfg = Release|Any CPU
		{3C4CA769-7D97-44C4-B14B-FD5AA5835321}.Release|x64.Build.0 = Release|Any CPU
		{3C4CA769-7D97-44C4-B14B-FD5AA5835321}.Release|x86.ActiveCfg = Release|Any CPU
		{3C4CA769-7D97-44C4-B14B-FD5AA5835321}.Release|x86.Build.0 = Release|Any CPU
	EndGlobalSection
	GlobalSection(SolutionProperties) = preSolution
		HideSolutionNode = FALSE
	EndGlobalSection
	GlobalSection(ExtensibilityGlobals) = postSolution
		SolutionGuid = {33CD33A0-6180-4EDA-A104-959C1F6C9998}
	EndGlobalSection
EndGlobal
